
Microsoft Visual Studio Solution File, Format Version 12.00
# Visual Studio 15
VisualStudioVersion = 15.0.26730.16
MinimumVisualStudioVersion = 10.0.40219.1
Project("{FAE04EC0-301F-11D3-BF4B-00C04F79EFBC}") = "Tikasa.MVC", "Tikasa.MVC\Tikasa.MVC.csproj", "{4796467A-0E23-41AD-B03C-3145AD2A14D4}"
EndProject
Global
	GlobalSection(SolutionConfigurationPlatforms) = preSolution
		Debug|Any CPU = Debug|Any CPU
		Release|Any CPU = Release|Any CPU
	EndGlobalSection
	GlobalSection(ProjectConfigurationPlatforms) = postSolution
		{4796467A-0E23-41AD-B03C-3145AD2A14D4}.Debug|Any CPU.ActiveCfg = Debug|Any CPU
		{4796467A-0E23-41AD-B03C-3145AD2A14D4}.Debug|Any CPU.Build.0 = Debug|Any CPU
		{4796467A-0E23-41AD-B03C-3145AD2A14D4}.Release|Any CPU.ActiveCfg = Release|Any CPU
		{4796467A-0E23-41AD-B03C-3145AD2A14D4}.Release|Any CPU.Build.0 = Release|Any CPU
	EndGlobalSection
	GlobalSection(SolutionProperties) = preSolution
		HideSolutionNode = FALSE
	EndGlobalSection
	GlobalSection(ExtensibilityGlobals) = postSolution
		SolutionGuid = {5FE9AA4C-5235-48CC-B4DE-DA2BE7763A05}
	EndGlobalSection
EndGlobal
