
Microsoft Visual Studio Solution File, Format Version 12.00
# Visual Studio 15
VisualStudioVersion = 15.0.26730.16
MinimumVisualStudioVersion = 10.0.40219.1
Project("{FAE04EC0-301F-11D3-BF4B-00C04F79EFBC}") = "Tikasa.MVC", "Tikasa.MVC\Tikasa.MVC.csproj", "{1285250D-1CAA-428E-AC01-828C8C872029}"
EndProject
Project("{FAE04EC0-301F-11D3-BF4B-00C04F79EFBC}") = "Tikasa.Entities", "Tikasa.Entities\Tikasa.Entities.csproj", "{CBC15A0F-4306-4D99-B7A1-8CEDFC180D47}"
EndProject
Project("{FAE04EC0-301F-11D3-BF4B-00C04F79EFBC}") = "Tikasa.Model", "Tikasa.Model\Tikasa.Model.csproj", "{C27D3651-03A3-47E8-947A-74AD0B00CFB7}"
EndProject
Project("{FAE04EC0-301F-11D3-BF4B-00C04F79EFBC}") = "Tikasa.Business", "Tikasa.Business\Tikasa.Business.csproj", "{FC061393-A650-4B59-80A1-E2040A3014BF}"
EndProject
Project("{FAE04EC0-301F-11D3-BF4B-00C04F79EFBC}") = "Tikasa.Service", "Tikasa.Service\Tikasa.Service.csproj", "{9A61EF4E-79BC-4239-99A0-63DDACA35A5E}"
EndProject
Project("{FAE04EC0-301F-11D3-BF4B-00C04F79EFBC}") = "Tikasa.Data", "Tikasa.Data\Tikasa.Data.csproj", "{EA2EC500-CC95-4328-B396-98D9276810CC}"
EndProject
Project("{FAE04EC0-301F-11D3-BF4B-00C04F79EFBC}") = "Tikasa.Session", "Tikasa.Session\Tikasa.Session.csproj", "{8921BFE9-FF02-4CD9-BE43-0212BA6DA8B9}"
EndProject
Project("{FAE04EC0-301F-11D3-BF4B-00C04F79EFBC}") = "UnitTestProject1", "UnitTestProject1\UnitTestProject1.csproj", "{6E074EFA-DF34-412B-B05F-C9C51A3C89B3}"
EndProject
Project("{FAE04EC0-301F-11D3-BF4B-00C04F79EFBC}") = "TestConsole", "TestConsole\TestConsole.csproj", "{97D49D36-876D-41A5-B620-7E6271E2627C}"
EndProject
Global
	GlobalSection(SolutionConfigurationPlatforms) = preSolution
		Debug|Any CPU = Debug|Any CPU
		Release|Any CPU = Release|Any CPU
	EndGlobalSection
	GlobalSection(ProjectConfigurationPlatforms) = postSolution
		{1285250D-1CAA-428E-AC01-828C8C872029}.Debug|Any CPU.ActiveCfg = Debug|Any CPU
		{1285250D-1CAA-428E-AC01-828C8C872029}.Debug|Any CPU.Build.0 = Debug|Any CPU
		{1285250D-1CAA-428E-AC01-828C8C872029}.Release|Any CPU.ActiveCfg = Release|Any CPU
		{1285250D-1CAA-428E-AC01-828C8C872029}.Release|Any CPU.Build.0 = Release|Any CPU
		{CBC15A0F-4306-4D99-B7A1-8CEDFC180D47}.Debug|Any CPU.ActiveCfg = Debug|Any CPU
		{CBC15A0F-4306-4D99-B7A1-8CEDFC180D47}.Debug|Any CPU.Build.0 = Debug|Any CPU
		{CBC15A0F-4306-4D99-B7A1-8CEDFC180D47}.Release|Any CPU.ActiveCfg = Release|Any CPU
		{CBC15A0F-4306-4D99-B7A1-8CEDFC180D47}.Release|Any CPU.Build.0 = Release|Any CPU
		{C27D3651-03A3-47E8-947A-74AD0B00CFB7}.Debug|Any CPU.ActiveCfg = Debug|Any CPU
		{C27D3651-03A3-47E8-947A-74AD0B00CFB7}.Debug|Any CPU.Build.0 = Debug|Any CPU
		{C27D3651-03A3-47E8-947A-74AD0B00CFB7}.Release|Any CPU.ActiveCfg = Release|Any CPU
		{C27D3651-03A3-47E8-947A-74AD0B00CFB7}.Release|Any CPU.Build.0 = Release|Any CPU
		{FC061393-A650-4B59-80A1-E2040A3014BF}.Debug|Any CPU.ActiveCfg = Debug|Any CPU
		{FC061393-A650-4B59-80A1-E2040A3014BF}.Debug|Any CPU.Build.0 = Debug|Any CPU
		{FC061393-A650-4B59-80A1-E2040A3014BF}.Release|Any CPU.ActiveCfg = Release|Any CPU
		{FC061393-A650-4B59-80A1-E2040A3014BF}.Release|Any CPU.Build.0 = Release|Any CPU
		{9A61EF4E-79BC-4239-99A0-63DDACA35A5E}.Debug|Any CPU.ActiveCfg = Debug|Any CPU
		{9A61EF4E-79BC-4239-99A0-63DDACA35A5E}.Debug|Any CPU.Build.0 = Debug|Any CPU
		{9A61EF4E-79BC-4239-99A0-63DDACA35A5E}.Release|Any CPU.ActiveCfg = Release|Any CPU
		{9A61EF4E-79BC-4239-99A0-63DDACA35A5E}.Release|Any CPU.Build.0 = Release|Any CPU
		{EA2EC500-CC95-4328-B396-98D9276810CC}.Debug|Any CPU.ActiveCfg = Debug|Any CPU
		{EA2EC500-CC95-4328-B396-98D9276810CC}.Debug|Any CPU.Build.0 = Debug|Any CPU
		{EA2EC500-CC95-4328-B396-98D9276810CC}.Release|Any CPU.ActiveCfg = Release|Any CPU
		{EA2EC500-CC95-4328-B396-98D9276810CC}.Release|Any CPU.Build.0 = Release|Any CPU
		{8921BFE9-FF02-4CD9-BE43-0212BA6DA8B9}.Debug|Any CPU.ActiveCfg = Debug|Any CPU
		{8921BFE9-FF02-4CD9-BE43-0212BA6DA8B9}.Debug|Any CPU.Build.0 = Debug|Any CPU
		{8921BFE9-FF02-4CD9-BE43-0212BA6DA8B9}.Release|Any CPU.ActiveCfg = Release|Any CPU
		{8921BFE9-FF02-4CD9-BE43-0212BA6DA8B9}.Release|Any CPU.Build.0 = Release|Any CPU
		{6E074EFA-DF34-412B-B05F-C9C51A3C89B3}.Debug|Any CPU.ActiveCfg = Debug|Any CPU
		{6E074EFA-DF34-412B-B05F-C9C51A3C89B3}.Debug|Any CPU.Build.0 = Debug|Any CPU
		{6E074EFA-DF34-412B-B05F-C9C51A3C89B3}.Release|Any CPU.ActiveCfg = Release|Any CPU
		{6E074EFA-DF34-412B-B05F-C9C51A3C89B3}.Release|Any CPU.Build.0 = Release|Any CPU
		{97D49D36-876D-41A5-B620-7E6271E2627C}.Debug|Any CPU.ActiveCfg = Debug|Any CPU
		{97D49D36-876D-41A5-B620-7E6271E2627C}.Debug|Any CPU.Build.0 = Debug|Any CPU
		{97D49D36-876D-41A5-B620-7E6271E2627C}.Release|Any CPU.ActiveCfg = Release|Any CPU
		{97D49D36-876D-41A5-B620-7E6271E2627C}.Release|Any CPU.Build.0 = Release|Any CPU
	EndGlobalSection
	GlobalSection(SolutionProperties) = preSolution
		HideSolutionNode = FALSE
	EndGlobalSection
	GlobalSection(ExtensibilityGlobals) = postSolution
		SolutionGuid = {5FE9AA4C-5235-48CC-B4DE-DA2BE7763A05}
	EndGlobalSection
EndGlobal
